
Microsoft Visual Studio Solution File, Format Version 12.00
# Visual Studio Version 17
VisualStudioVersion = 17.0.31710.8
MinimumVisualStudioVersion = 10.0.40219.1
Project("{9A19103F-16F7-4668-BE54-9A1E7A4F7556}") = "Rki.CancerDataGenerator", "Rki.CancerDataGenerator.csproj", "{49C16080-DF34-47D5-BF4D-F4FBCF3A0FE7}"
EndProject
Project("{2150E333-8FDC-42A3-9474-1A3956D46DE8}") = "Solution Items", "Solution Items", "{BDEFCD35-42E5-4E5A-9AF9-D0BCF8AE6521}"
	ProjectSection(SolutionItems) = preProject
		.editorconfig = .editorconfig
	EndProjectSection
EndProject
Project("{D954291E-2A0B-460D-934E-DC6B0785DB48}") = "Rki.CancerDataModel", "..\Rki.CancerDataModel\Rki.CancerDataModel.shproj", "{A3592C9D-4608-4BCB-9E4C-BCAFE21E3900}"
EndProject
Global
	GlobalSection(SharedMSBuildProjectFiles) = preSolution
		..\Rki.CancerDataModel\Rki.CancerDataModel.projitems*{49c16080-df34-47d5-bf4d-f4fbcf3a0fe7}*SharedItemsImports = 5
		..\Rki.CancerDataModel\Rki.CancerDataModel.projitems*{a3592c9d-4608-4bcb-9e4c-bcafe21e3900}*SharedItemsImports = 13
	EndGlobalSection
	GlobalSection(SolutionConfigurationPlatforms) = preSolution
		Debug|Any CPU = Debug|Any CPU
		Release|Any CPU = Release|Any CPU
	EndGlobalSection
	GlobalSection(ProjectConfigurationPlatforms) = postSolution
		{49C16080-DF34-47D5-BF4D-F4FBCF3A0FE7}.Debug|Any CPU.ActiveCfg = Debug|Any CPU
		{49C16080-DF34-47D5-BF4D-F4FBCF3A0FE7}.Debug|Any CPU.Build.0 = Debug|Any CPU
		{49C16080-DF34-47D5-BF4D-F4FBCF3A0FE7}.Release|Any CPU.ActiveCfg = Release|Any CPU
		{49C16080-DF34-47D5-BF4D-F4FBCF3A0FE7}.Release|Any CPU.Build.0 = Release|Any CPU
	EndGlobalSection
	GlobalSection(SolutionProperties) = preSolution
		HideSolutionNode = FALSE
	EndGlobalSection
	GlobalSection(ExtensibilityGlobals) = postSolution
		SolutionGuid = {B202CDD2-A9F4-4C91-BF44-4249C1809673}
	EndGlobalSection
EndGlobal
